// !$*UTF8*$!
{
	archiveVersion = 1;
	classes = {
	};
	objectVersion = 51;
	objects = {

/* Begin PBXBuildFile section */
		37AFFB8C07FB614FCEE3EB29 /* Pods_AutoSpace.framework in Frameworks */ = {isa = PBXBuildFile; fileRef = 927AB75D1AF50391D5B87268 /* Pods_AutoSpace.framework */; };
		EF12417C253B25B800BFFBFE /* Map.storyboard in Resources */ = {isa = PBXBuildFile; fileRef = EF12417B253B25B800BFFBFE /* Map.storyboard */; };
		EF124188253B39E700BFFBFE /* Place.swift in Sources */ = {isa = PBXBuildFile; fileRef = EF124187253B39E700BFFBFE /* Place.swift */; };
		EF1B9F1C253BE590007D2F72 /* SupportModel.swift in Sources */ = {isa = PBXBuildFile; fileRef = EF1B9F1B253BE590007D2F72 /* SupportModel.swift */; };
		EF5360DB253BA68800AD9FDD /* Extension.swift in Sources */ = {isa = PBXBuildFile; fileRef = EF5360DA253BA68800AD9FDD /* Extension.swift */; };
		EF5360DE253BC00900AD9FDD /* SupportViewController.swift in Sources */ = {isa = PBXBuildFile; fileRef = EF5360DD253BC00900AD9FDD /* SupportViewController.swift */; };
		EF647E07253A28550045861B /* AppDelegate.swift in Sources */ = {isa = PBXBuildFile; fileRef = EF647E06253A28550045861B /* AppDelegate.swift */; };
		EF647E09253A28550045861B /* SceneDelegate.swift in Sources */ = {isa = PBXBuildFile; fileRef = EF647E08253A28550045861B /* SceneDelegate.swift */; };
		EF647E0B253A28550045861B /* MainViewController.swift in Sources */ = {isa = PBXBuildFile; fileRef = EF647E0A253A28550045861B /* MainViewController.swift */; };
		EF647E0E253A28550045861B /* Main.storyboard in Resources */ = {isa = PBXBuildFile; fileRef = EF647E0C253A28550045861B /* Main.storyboard */; };
		EF647E10253A28570045861B /* Assets.xcassets in Resources */ = {isa = PBXBuildFile; fileRef = EF647E0F253A28570045861B /* Assets.xcassets */; };
		EF647E13253A28570045861B /* LaunchScreen.storyboard in Resources */ = {isa = PBXBuildFile; fileRef = EF647E11253A28570045861B /* LaunchScreen.storyboard */; };
		EF647E1F253A3A6D0045861B /* Constant.swift in Sources */ = {isa = PBXBuildFile; fileRef = EF647E1E253A3A6D0045861B /* Constant.swift */; };
		EF647E22253A3ADB0045861B /* User.swift in Sources */ = {isa = PBXBuildFile; fileRef = EF647E21253A3ADB0045861B /* User.swift */; };
		EF647E3A253A4D510045861B /* MainModel.swift in Sources */ = {isa = PBXBuildFile; fileRef = EF647E39253A4D510045861B /* MainModel.swift */; };
		EF647E3F253A4F760045861B /* NetworkService.swift in Sources */ = {isa = PBXBuildFile; fileRef = EF647E3E253A4F760045861B /* NetworkService.swift */; };
		EF647E44253A50180045861B /* ProfileViewController.swift in Sources */ = {isa = PBXBuildFile; fileRef = EF647E43253A50180045861B /* ProfileViewController.swift */; };
		EF647E55253A5C5A0045861B /* NetworkManager.swift in Sources */ = {isa = PBXBuildFile; fileRef = EF647E54253A5C5A0045861B /* NetworkManager.swift */; };
		EF647E5B253A5D980045861B /* NetworkRequest.swift in Sources */ = {isa = PBXBuildFile; fileRef = EF647E5A253A5D980045861B /* NetworkRequest.swift */; };
		EF647E74253AF0C00045861B /* ASRequest.swift in Sources */ = {isa = PBXBuildFile; fileRef = EF647E73253AF0C00045861B /* ASRequest.swift */; };
		EF647E81253B14660045861B /* MapViewController.swift in Sources */ = {isa = PBXBuildFile; fileRef = EF647E80253B14660045861B /* MapViewController.swift */; };
/* End PBXBuildFile section */

/* Begin PBXFileReference section */
		5DC93852DEDA280DE37BE4B7 /* Pods-AutoSpace.release.xcconfig */ = {isa = PBXFileReference; includeInIndex = 1; lastKnownFileType = text.xcconfig; name = "Pods-AutoSpace.release.xcconfig"; path = "Target Support Files/Pods-AutoSpace/Pods-AutoSpace.release.xcconfig"; sourceTree = "<group>"; };
		927AB75D1AF50391D5B87268 /* Pods_AutoSpace.framework */ = {isa = PBXFileReference; explicitFileType = wrapper.framework; includeInIndex = 0; path = Pods_AutoSpace.framework; sourceTree = BUILT_PRODUCTS_DIR; };
		DC94E8EDB8CA89275C828D0F /* Pods-AutoSpace.debug.xcconfig */ = {isa = PBXFileReference; includeInIndex = 1; lastKnownFileType = text.xcconfig; name = "Pods-AutoSpace.debug.xcconfig"; path = "Target Support Files/Pods-AutoSpace/Pods-AutoSpace.debug.xcconfig"; sourceTree = "<group>"; };
		EF12417B253B25B800BFFBFE /* Map.storyboard */ = {isa = PBXFileReference; lastKnownFileType = file.storyboard; path = Map.storyboard; sourceTree = "<group>"; };
		EF124187253B39E700BFFBFE /* Place.swift */ = {isa = PBXFileReference; lastKnownFileType = sourcecode.swift; path = Place.swift; sourceTree = "<group>"; };
		EF1B9F1B253BE590007D2F72 /* SupportModel.swift */ = {isa = PBXFileReference; lastKnownFileType = sourcecode.swift; path = SupportModel.swift; sourceTree = "<group>"; };
		EF5360DA253BA68800AD9FDD /* Extension.swift */ = {isa = PBXFileReference; lastKnownFileType = sourcecode.swift; path = Extension.swift; sourceTree = "<group>"; };
		EF5360DD253BC00900AD9FDD /* SupportViewController.swift */ = {isa = PBXFileReference; lastKnownFileType = sourcecode.swift; path = SupportViewController.swift; sourceTree = "<group>"; };
		EF647E03253A28550045861B /* AutoSpace.app */ = {isa = PBXFileReference; explicitFileType = wrapper.application; includeInIndex = 0; path = AutoSpace.app; sourceTree = BUILT_PRODUCTS_DIR; };
		EF647E06253A28550045861B /* AppDelegate.swift */ = {isa = PBXFileReference; lastKnownFileType = sourcecode.swift; path = AppDelegate.swift; sourceTree = "<group>"; };
		EF647E08253A28550045861B /* SceneDelegate.swift */ = {isa = PBXFileReference; lastKnownFileType = sourcecode.swift; path = SceneDelegate.swift; sourceTree = "<group>"; };
		EF647E0A253A28550045861B /* MainViewController.swift */ = {isa = PBXFileReference; lastKnownFileType = sourcecode.swift; path = MainViewController.swift; sourceTree = "<group>"; };
		EF647E0D253A28550045861B /* Base */ = {isa = PBXFileReference; lastKnownFileType = file.storyboard; name = Base; path = Base.lproj/Main.storyboard; sourceTree = "<group>"; };
		EF647E0F253A28570045861B /* Assets.xcassets */ = {isa = PBXFileReference; lastKnownFileType = folder.assetcatalog; path = Assets.xcassets; sourceTree = "<group>"; };
		EF647E12253A28570045861B /* Base */ = {isa = PBXFileReference; lastKnownFileType = file.storyboard; name = Base; path = Base.lproj/LaunchScreen.storyboard; sourceTree = "<group>"; };
		EF647E14253A28570045861B /* Info.plist */ = {isa = PBXFileReference; lastKnownFileType = text.plist.xml; path = Info.plist; sourceTree = "<group>"; };
		EF647E1E253A3A6D0045861B /* Constant.swift */ = {isa = PBXFileReference; lastKnownFileType = sourcecode.swift; path = Constant.swift; sourceTree = "<group>"; };
		EF647E21253A3ADB0045861B /* User.swift */ = {isa = PBXFileReference; lastKnownFileType = sourcecode.swift; path = User.swift; sourceTree = "<group>"; };
		EF647E39253A4D510045861B /* MainModel.swift */ = {isa = PBXFileReference; lastKnownFileType = sourcecode.swift; path = MainModel.swift; sourceTree = "<group>"; };
		EF647E3E253A4F760045861B /* NetworkService.swift */ = {isa = PBXFileReference; lastKnownFileType = sourcecode.swift; path = NetworkService.swift; sourceTree = "<group>"; };
		EF647E43253A50180045861B /* ProfileViewController.swift */ = {isa = PBXFileReference; lastKnownFileType = sourcecode.swift; path = ProfileViewController.swift; sourceTree = "<group>"; };
		EF647E54253A5C5A0045861B /* NetworkManager.swift */ = {isa = PBXFileReference; lastKnownFileType = sourcecode.swift; path = NetworkManager.swift; sourceTree = "<group>"; };
		EF647E5A253A5D980045861B /* NetworkRequest.swift */ = {isa = PBXFileReference; lastKnownFileType = sourcecode.swift; path = NetworkRequest.swift; sourceTree = "<group>"; };
		EF647E73253AF0C00045861B /* ASRequest.swift */ = {isa = PBXFileReference; lastKnownFileType = sourcecode.swift; path = ASRequest.swift; sourceTree = "<group>"; };
		EF647E80253B14660045861B /* MapViewController.swift */ = {isa = PBXFileReference; lastKnownFileType = sourcecode.swift; path = MapViewController.swift; sourceTree = "<group>"; };
/* End PBXFileReference section */

/* Begin PBXFrameworksBuildPhase section */
		EF647E00253A28550045861B /* Frameworks */ = {
			isa = PBXFrameworksBuildPhase;
			buildActionMask = 2147483647;
			files = (
				37AFFB8C07FB614FCEE3EB29 /* Pods_AutoSpace.framework in Frameworks */,
			);
			runOnlyForDeploymentPostprocessing = 0;
		};
/* End PBXFrameworksBuildPhase section */

/* Begin PBXGroup section */
		3D0DEA6E45A892D8AEC778A9 /* Pods */ = {
			isa = PBXGroup;
			children = (
				DC94E8EDB8CA89275C828D0F /* Pods-AutoSpace.debug.xcconfig */,
				5DC93852DEDA280DE37BE4B7 /* Pods-AutoSpace.release.xcconfig */,
			);
			path = Pods;
			sourceTree = "<group>";
		};
		6A3B6D9BDC92D14FA73E4FE1 /* Frameworks */ = {
			isa = PBXGroup;
			children = (
				927AB75D1AF50391D5B87268 /* Pods_AutoSpace.framework */,
			);
			name = Frameworks;
			sourceTree = "<group>";
		};
		EF5360E0253BC00D00AD9FDD /* Support */ = {
			isa = PBXGroup;
			children = (
				EF5360DD253BC00900AD9FDD /* SupportViewController.swift */,
				EF1B9F1B253BE590007D2F72 /* SupportModel.swift */,
			);
			path = Support;
			sourceTree = "<group>";
		};
		EF647DFA253A28550045861B = {
			isa = PBXGroup;
			children = (
				EF647E05253A28550045861B /* AutoSpace */,
				EF647E04253A28550045861B /* Products */,
				3D0DEA6E45A892D8AEC778A9 /* Pods */,
				6A3B6D9BDC92D14FA73E4FE1 /* Frameworks */,
			);
			sourceTree = "<group>";
		};
		EF647E04253A28550045861B /* Products */ = {
			isa = PBXGroup;
			children = (
				EF647E03253A28550045861B /* AutoSpace.app */,
			);
			name = Products;
			sourceTree = "<group>";
		};
		EF647E05253A28550045861B /* AutoSpace */ = {
			isa = PBXGroup;
			children = (
				EF647E25253A3CE40045861B /* Main */,
				EF647E47253A50200045861B /* Profile */,
				EF5360E0253BC00D00AD9FDD /* Support */,
				EF647E84253B146A0045861B /* Map */,
				EF647E41253A4F7C0045861B /* Network */,
				EF647E49253A502B0045861B /* Data */,
				EF647E1C253A36CE0045861B /* Resourses */,
				EF5360DA253BA68800AD9FDD /* Extension.swift */,
			);
			path = AutoSpace;
			sourceTree = "<group>";
		};
		EF647E1C253A36CE0045861B /* Resourses */ = {
			isa = PBXGroup;
			children = (
				EF647E06253A28550045861B /* AppDelegate.swift */,
				EF647E08253A28550045861B /* SceneDelegate.swift */,
				EF647E0F253A28570045861B /* Assets.xcassets */,
				EF647E11253A28570045861B /* LaunchScreen.storyboard */,
				EF647E14253A28570045861B /* Info.plist */,
			);
			path = Resourses;
			sourceTree = "<group>";
		};
		EF647E25253A3CE40045861B /* Main */ = {
			isa = PBXGroup;
			children = (
				EF647E3C253A4D560045861B /* Interface */,
				EF647E27253A3CF60045861B /* Controllers */,
			);
			path = Main;
			sourceTree = "<group>";
		};
		EF647E27253A3CF60045861B /* Controllers */ = {
			isa = PBXGroup;
			children = (
				EF647E0A253A28550045861B /* MainViewController.swift */,
				EF647E0C253A28550045861B /* Main.storyboard */,
			);
			path = Controllers;
			sourceTree = "<group>";
		};
		EF647E3C253A4D560045861B /* Interface */ = {
			isa = PBXGroup;
			children = (
				EF647E39253A4D510045861B /* MainModel.swift */,
			);
			path = Interface;
			sourceTree = "<group>";
		};
		EF647E41253A4F7C0045861B /* Network */ = {
			isa = PBXGroup;
			children = (
				EF647E3E253A4F760045861B /* NetworkService.swift */,
				EF647E54253A5C5A0045861B /* NetworkManager.swift */,
				EF647E5A253A5D980045861B /* NetworkRequest.swift */,
				EF647E73253AF0C00045861B /* ASRequest.swift */,
			);
			path = Network;
			sourceTree = "<group>";
		};
		EF647E47253A50200045861B /* Profile */ = {
			isa = PBXGroup;
			children = (
				EF647E43253A50180045861B /* ProfileViewController.swift */,
			);
			path = Profile;
			sourceTree = "<group>";
		};
		EF647E49253A502B0045861B /* Data */ = {
			isa = PBXGroup;
			children = (
				EF647E1E253A3A6D0045861B /* Constant.swift */,
				EF647E21253A3ADB0045861B /* User.swift */,
				EF124187253B39E700BFFBFE /* Place.swift */,
			);
			path = Data;
			sourceTree = "<group>";
		};
		EF647E84253B146A0045861B /* Map */ = {
			isa = PBXGroup;
			children = (
				EF647E80253B14660045861B /* MapViewController.swift */,
				EF12417B253B25B800BFFBFE /* Map.storyboard */,
			);
			path = Map;
			sourceTree = "<group>";
		};
/* End PBXGroup section */

/* Begin PBXNativeTarget section */
		EF647E02253A28550045861B /* AutoSpace */ = {
			isa = PBXNativeTarget;
			buildConfigurationList = EF647E17253A28570045861B /* Build configuration list for PBXNativeTarget "AutoSpace" */;
			buildPhases = (
				01162685217C379E3E66C749 /* [CP] Check Pods Manifest.lock */,
				EF647DFF253A28550045861B /* Sources */,
				EF647E00253A28550045861B /* Frameworks */,
				EF647E01253A28550045861B /* Resources */,
				196CC844BA439CD8A05490BB /* [CP] Embed Pods Frameworks */,
				4A4B7CA33808B9B0D70CA130 /* [CP] Copy Pods Resources */,
			);
			buildRules = (
			);
			dependencies = (
			);
			name = AutoSpace;
			productName = AutoSpace;
			productReference = EF647E03253A28550045861B /* AutoSpace.app */;
			productType = "com.apple.product-type.application";
		};
/* End PBXNativeTarget section */

/* Begin PBXProject section */
		EF647DFB253A28550045861B /* Project object */ = {
			isa = PBXProject;
			attributes = {
				LastSwiftUpdateCheck = 1200;
				LastUpgradeCheck = 1200;
				TargetAttributes = {
					EF647E02253A28550045861B = {
						CreatedOnToolsVersion = 12.0.1;
					};
				};
			};
			buildConfigurationList = EF647DFE253A28550045861B /* Build configuration list for PBXProject "AutoSpace" */;
			compatibilityVersion = "Xcode 9.3";
			developmentRegion = en;
			hasScannedForEncodings = 0;
			knownRegions = (
				en,
				Base,
			);
			mainGroup = EF647DFA253A28550045861B;
			productRefGroup = EF647E04253A28550045861B /* Products */;
			projectDirPath = "";
			projectRoot = "";
			targets = (
				EF647E02253A28550045861B /* AutoSpace */,
			);
		};
/* End PBXProject section */

/* Begin PBXResourcesBuildPhase section */
		EF647E01253A28550045861B /* Resources */ = {
			isa = PBXResourcesBuildPhase;
			buildActionMask = 2147483647;
			files = (
				EF647E13253A28570045861B /* LaunchScreen.storyboard in Resources */,
				EF647E10253A28570045861B /* Assets.xcassets in Resources */,
				EF647E0E253A28550045861B /* Main.storyboard in Resources */,
				EF12417C253B25B800BFFBFE /* Map.storyboard in Resources */,
			);
			runOnlyForDeploymentPostprocessing = 0;
		};
/* End PBXResourcesBuildPhase section */

/* Begin PBXShellScriptBuildPhase section */
		01162685217C379E3E66C749 /* [CP] Check Pods Manifest.lock */ = {
			isa = PBXShellScriptBuildPhase;
			buildActionMask = 2147483647;
			files = (
			);
			inputFileListPaths = (
			);
			inputPaths = (
				"${PODS_PODFILE_DIR_PATH}/Podfile.lock",
				"${PODS_ROOT}/Manifest.lock",
			);
			name = "[CP] Check Pods Manifest.lock";
			outputFileListPaths = (
			);
			outputPaths = (
				"$(DERIVED_FILE_DIR)/Pods-AutoSpace-checkManifestLockResult.txt",
			);
			runOnlyForDeploymentPostprocessing = 0;
			shellPath = /bin/sh;
			shellScript = "diff \"${PODS_PODFILE_DIR_PATH}/Podfile.lock\" \"${PODS_ROOT}/Manifest.lock\" > /dev/null\nif [ $? != 0 ] ; then\n    # print error to STDERR\n    echo \"error: The sandbox is not in sync with the Podfile.lock. Run 'pod install' or update your CocoaPods installation.\" >&2\n    exit 1\nfi\n# This output is used by Xcode 'outputs' to avoid re-running this script phase.\necho \"SUCCESS\" > \"${SCRIPT_OUTPUT_FILE_0}\"\n";
			showEnvVarsInLog = 0;
		};
		196CC844BA439CD8A05490BB /* [CP] Embed Pods Frameworks */ = {
			isa = PBXShellScriptBuildPhase;
			buildActionMask = 2147483647;
			files = (
			);
			inputFileListPaths = (
				"${PODS_ROOT}/Target Support Files/Pods-AutoSpace/Pods-AutoSpace-frameworks-${CONFIGURATION}-input-files.xcfilelist",
			);
			name = "[CP] Embed Pods Frameworks";
			outputFileListPaths = (
				"${PODS_ROOT}/Target Support Files/Pods-AutoSpace/Pods-AutoSpace-frameworks-${CONFIGURATION}-output-files.xcfilelist",
			);
			runOnlyForDeploymentPostprocessing = 0;
			shellPath = /bin/sh;
			shellScript = "\"${PODS_ROOT}/Target Support Files/Pods-AutoSpace/Pods-AutoSpace-frameworks.sh\"\n";
			showEnvVarsInLog = 0;
		};
		4A4B7CA33808B9B0D70CA130 /* [CP] Copy Pods Resources */ = {
			isa = PBXShellScriptBuildPhase;
			buildActionMask = 2147483647;
			files = (
			);
			inputFileListPaths = (
				"${PODS_ROOT}/Target Support Files/Pods-AutoSpace/Pods-AutoSpace-resources-${CONFIGURATION}-input-files.xcfilelist",
			);
			name = "[CP] Copy Pods Resources";
			outputFileListPaths = (
				"${PODS_ROOT}/Target Support Files/Pods-AutoSpace/Pods-AutoSpace-resources-${CONFIGURATION}-output-files.xcfilelist",
			);
			runOnlyForDeploymentPostprocessing = 0;
			shellPath = /bin/sh;
			shellScript = "\"${PODS_ROOT}/Target Support Files/Pods-AutoSpace/Pods-AutoSpace-resources.sh\"\n";
			showEnvVarsInLog = 0;
		};
/* End PBXShellScriptBuildPhase section */

/* Begin PBXSourcesBuildPhase section */
		EF647DFF253A28550045861B /* Sources */ = {
			isa = PBXSourcesBuildPhase;
			buildActionMask = 2147483647;
			files = (
				EF647E55253A5C5A0045861B /* NetworkManager.swift in Sources */,
				EF124188253B39E700BFFBFE /* Place.swift in Sources */,
				EF647E0B253A28550045861B /* MainViewController.swift in Sources */,
				EF647E07253A28550045861B /* AppDelegate.swift in Sources */,
				EF647E3A253A4D510045861B /* MainModel.swift in Sources */,
				EF647E09253A28550045861B /* SceneDelegate.swift in Sources */,
				EF647E22253A3ADB0045861B /* User.swift in Sources */,
				EF647E1F253A3A6D0045861B /* Constant.swift in Sources */,
				EF5360DE253BC00900AD9FDD /* SupportViewController.swift in Sources */,
				EF647E81253B14660045861B /* MapViewController.swift in Sources */,
				EF5360DB253BA68800AD9FDD /* Extension.swift in Sources */,
				EF1B9F1C253BE590007D2F72 /* SupportModel.swift in Sources */,
				EF647E5B253A5D980045861B /* NetworkRequest.swift in Sources */,
				EF647E44253A50180045861B /* ProfileViewController.swift in Sources */,
				EF647E74253AF0C00045861B /* ASRequest.swift in Sources */,
				EF647E3F253A4F760045861B /* NetworkService.swift in Sources */,
			);
			runOnlyForDeploymentPostprocessing = 0;
		};
/* End PBXSourcesBuildPhase section */

/* Begin PBXVariantGroup section */
		EF647E0C253A28550045861B /* Main.storyboard */ = {
			isa = PBXVariantGroup;
			children = (
				EF647E0D253A28550045861B /* Base */,
			);
			name = Main.storyboard;
			sourceTree = "<group>";
		};
		EF647E11253A28570045861B /* LaunchScreen.storyboard */ = {
			isa = PBXVariantGroup;
			children = (
				EF647E12253A28570045861B /* Base */,
			);
			name = LaunchScreen.storyboard;
			sourceTree = "<group>";
		};
/* End PBXVariantGroup section */

/* Begin XCBuildConfiguration section */
		EF647E15253A28570045861B /* Debug */ = {
			isa = XCBuildConfiguration;
			buildSettings = {
				ALWAYS_SEARCH_USER_PATHS = NO;
				CLANG_ANALYZER_NONNULL = YES;
				CLANG_ANALYZER_NUMBER_OBJECT_CONVERSION = YES_AGGRESSIVE;
				CLANG_CXX_LANGUAGE_STANDARD = "gnu++14";
				CLANG_CXX_LIBRARY = "libc++";
				CLANG_ENABLE_MODULES = YES;
				CLANG_ENABLE_OBJC_ARC = YES;
				CLANG_ENABLE_OBJC_WEAK = YES;
				CLANG_WARN_BLOCK_CAPTURE_AUTORELEASING = YES;
				CLANG_WARN_BOOL_CONVERSION = YES;
				CLANG_WARN_COMMA = YES;
				CLANG_WARN_CONSTANT_CONVERSION = YES;
				CLANG_WARN_DEPRECATED_OBJC_IMPLEMENTATIONS = YES;
				CLANG_WARN_DIRECT_OBJC_ISA_USAGE = YES_ERROR;
				CLANG_WARN_DOCUMENTATION_COMMENTS = YES;
				CLANG_WARN_EMPTY_BODY = YES;
				CLANG_WARN_ENUM_CONVERSION = YES;
				CLANG_WARN_INFINITE_RECURSION = YES;
				CLANG_WARN_INT_CONVERSION = YES;
				CLANG_WARN_NON_LITERAL_NULL_CONVERSION = YES;
				CLANG_WARN_OBJC_IMPLICIT_RETAIN_SELF = YES;
				CLANG_WARN_OBJC_LITERAL_CONVERSION = YES;
				CLANG_WARN_OBJC_ROOT_CLASS = YES_ERROR;
				CLANG_WARN_QUOTED_INCLUDE_IN_FRAMEWORK_HEADER = YES;
				CLANG_WARN_RANGE_LOOP_ANALYSIS = YES;
				CLANG_WARN_STRICT_PROTOTYPES = YES;
				CLANG_WARN_SUSPICIOUS_MOVE = YES;
				CLANG_WARN_UNGUARDED_AVAILABILITY = YES_AGGRESSIVE;
				CLANG_WARN_UNREACHABLE_CODE = YES;
				CLANG_WARN__DUPLICATE_METHOD_MATCH = YES;
				COPY_PHASE_STRIP = NO;
				DEBUG_INFORMATION_FORMAT = dwarf;
				ENABLE_STRICT_OBJC_MSGSEND = YES;
				ENABLE_TESTABILITY = YES;
				GCC_C_LANGUAGE_STANDARD = gnu11;
				GCC_DYNAMIC_NO_PIC = NO;
				GCC_NO_COMMON_BLOCKS = YES;
				GCC_OPTIMIZATION_LEVEL = 0;
				GCC_PREPROCESSOR_DEFINITIONS = (
					"DEBUG=1",
					"$(inherited)",
				);
				GCC_WARN_64_TO_32_BIT_CONVERSION = YES;
				GCC_WARN_ABOUT_RETURN_TYPE = YES_ERROR;
				GCC_WARN_UNDECLARED_SELECTOR = YES;
				GCC_WARN_UNINITIALIZED_AUTOS = YES_AGGRESSIVE;
				GCC_WARN_UNUSED_FUNCTION = YES;
				GCC_WARN_UNUSED_VARIABLE = YES;
				IPHONEOS_DEPLOYMENT_TARGET = 14.0;
				MTL_ENABLE_DEBUG_INFO = INCLUDE_SOURCE;
				MTL_FAST_MATH = YES;
				ONLY_ACTIVE_ARCH = YES;
				SDKROOT = iphoneos;
				SWIFT_ACTIVE_COMPILATION_CONDITIONS = DEBUG;
				SWIFT_OPTIMIZATION_LEVEL = "-Onone";
			};
			name = Debug;
		};
		EF647E16253A28570045861B /* Release */ = {
			isa = XCBuildConfiguration;
			buildSettings = {
				ALWAYS_SEARCH_USER_PATHS = NO;
				CLANG_ANALYZER_NONNULL = YES;
				CLANG_ANALYZER_NUMBER_OBJECT_CONVERSION = YES_AGGRESSIVE;
				CLANG_CXX_LANGUAGE_STANDARD = "gnu++14";
				CLANG_CXX_LIBRARY = "libc++";
				CLANG_ENABLE_MODULES = YES;
				CLANG_ENABLE_OBJC_ARC = YES;
				CLANG_ENABLE_OBJC_WEAK = YES;
				CLANG_WARN_BLOCK_CAPTURE_AUTORELEASING = YES;
				CLANG_WARN_BOOL_CONVERSION = YES;
				CLANG_WARN_COMMA = YES;
				CLANG_WARN_CONSTANT_CONVERSION = YES;
				CLANG_WARN_DEPRECATED_OBJC_IMPLEMENTATIONS = YES;
				CLANG_WARN_DIRECT_OBJC_ISA_USAGE = YES_ERROR;
				CLANG_WARN_DOCUMENTATION_COMMENTS = YES;
				CLANG_WARN_EMPTY_BODY = YES;
				CLANG_WARN_ENUM_CONVERSION = YES;
				CLANG_WARN_INFINITE_RECURSION = YES;
				CLANG_WARN_INT_CONVERSION = YES;
				CLANG_WARN_NON_LITERAL_NULL_CONVERSION = YES;
				CLANG_WARN_OBJC_IMPLICIT_RETAIN_SELF = YES;
				CLANG_WARN_OBJC_LITERAL_CONVERSION = YES;
				CLANG_WARN_OBJC_ROOT_CLASS = YES_ERROR;
				CLANG_WARN_QUOTED_INCLUDE_IN_FRAMEWORK_HEADER = YES;
				CLANG_WARN_RANGE_LOOP_ANALYSIS = YES;
				CLANG_WARN_STRICT_PROTOTYPES = YES;
				CLANG_WARN_SUSPICIOUS_MOVE = YES;
				CLANG_WARN_UNGUARDED_AVAILABILITY = YES_AGGRESSIVE;
				CLANG_WARN_UNREACHABLE_CODE = YES;
				CLANG_WARN__DUPLICATE_METHOD_MATCH = YES;
				COPY_PHASE_STRIP = NO;
				DEBUG_INFORMATION_FORMAT = "dwarf-with-dsym";
				ENABLE_NS_ASSERTIONS = NO;
				ENABLE_STRICT_OBJC_MSGSEND = YES;
				GCC_C_LANGUAGE_STANDARD = gnu11;
				GCC_NO_COMMON_BLOCKS = YES;
				GCC_WARN_64_TO_32_BIT_CONVERSION = YES;
				GCC_WARN_ABOUT_RETURN_TYPE = YES_ERROR;
				GCC_WARN_UNDECLARED_SELECTOR = YES;
				GCC_WARN_UNINITIALIZED_AUTOS = YES_AGGRESSIVE;
				GCC_WARN_UNUSED_FUNCTION = YES;
				GCC_WARN_UNUSED_VARIABLE = YES;
				IPHONEOS_DEPLOYMENT_TARGET = 14.0;
				MTL_ENABLE_DEBUG_INFO = NO;
				MTL_FAST_MATH = YES;
				SDKROOT = iphoneos;
				SWIFT_COMPILATION_MODE = wholemodule;
				SWIFT_OPTIMIZATION_LEVEL = "-O";
				VALIDATE_PRODUCT = YES;
			};
			name = Release;
		};
		EF647E18253A28570045861B /* Debug */ = {
			isa = XCBuildConfiguration;
			baseConfigurationReference = DC94E8EDB8CA89275C828D0F /* Pods-AutoSpace.debug.xcconfig */;
			buildSettings = {
				ASSETCATALOG_COMPILER_APPICON_NAME = AppIcon;
				ASSETCATALOG_COMPILER_GLOBAL_ACCENT_COLOR_NAME = AccentColor;
				CODE_SIGN_STYLE = Automatic;
				DEVELOPMENT_TEAM = 8BWQDHPFL8;
				INFOPLIST_FILE = AutoSpace/Resourses/Info.plist;
				LD_RUNPATH_SEARCH_PATHS = (
					"$(inherited)",
					"@executable_path/Frameworks",
				);
				PRODUCT_BUNDLE_IDENTIFIER = com.rostelecom.AS;
				PRODUCT_NAME = "$(TARGET_NAME)";
				SWIFT_VERSION = 5.0;
				TARGETED_DEVICE_FAMILY = "1,2";
			};
			name = Debug;
		};
		EF647E19253A28570045861B /* Release */ = {
			isa = XCBuildConfiguration;
			baseConfigurationReference = 5DC93852DEDA280DE37BE4B7 /* Pods-AutoSpace.release.xcconfig */;
			buildSettings = {
				ASSETCATALOG_COMPILER_APPICON_NAME = AppIcon;
				ASSETCATALOG_COMPILER_GLOBAL_ACCENT_COLOR_NAME = AccentColor;
				CODE_SIGN_STYLE = Automatic;
				DEVELOPMENT_TEAM = 8BWQDHPFL8;
				INFOPLIST_FILE = AutoSpace/Resourses/Info.plist;
				LD_RUNPATH_SEARCH_PATHS = (
					"$(inherited)",
					"@executable_path/Frameworks",
				);
				PRODUCT_BUNDLE_IDENTIFIER = com.rostelecom.AS;
				PRODUCT_NAME = "$(TARGET_NAME)";
				SWIFT_VERSION = 5.0;
				TARGETED_DEVICE_FAMILY = "1,2";
			};
			name = Release;
		};
/* End XCBuildConfiguration section */

/* Begin XCConfigurationList section */
		EF647DFE253A28550045861B /* Build configuration list for PBXProject "AutoSpace" */ = {
			isa = XCConfigurationList;
			buildConfigurations = (
				EF647E15253A28570045861B /* Debug */,
				EF647E16253A28570045861B /* Release */,
			);
			defaultConfigurationIsVisible = 0;
			defaultConfigurationName = Release;
		};
		EF647E17253A28570045861B /* Build configuration list for PBXNativeTarget "AutoSpace" */ = {
			isa = XCConfigurationList;
			buildConfigurations = (
				EF647E18253A28570045861B /* Debug */,
				EF647E19253A28570045861B /* Release */,
			);
			defaultConfigurationIsVisible = 0;
			defaultConfigurationName = Release;
		};
/* End XCConfigurationList section */
	};
	rootObject = EF647DFB253A28550045861B /* Project object */;
}
